
Microsoft Visual Studio Solution File, Format Version 12.00
# Visual Studio 15
VisualStudioVersion = 15.0.26124.0
MinimumVisualStudioVersion = 15.0.26124.0
Project("{2150E333-8FDC-42A3-9474-1A3956D46DE8}") = "src", "src", "{621F2ADF-F6F9-4B4A-95FF-E594A7EA79DC}"
EndProject
Project("{F2A71F9B-5D33-465A-A702-920D77279786}") = "StdInStdOutCommLibrary", "src\StdInStdOutCommLibrary\StdInStdOutCommLibrary.fsproj", "{16C93B33-0729-406E-8BBA-08129FD7F0DB}"
EndProject
Project("{F2A71F9B-5D33-465A-A702-920D77279786}") = "TestApp", "src\TestApp\TestApp.fsproj", "{A12D5CB5-CFE5-4CC6-8B91-482E724E5BBC}"
EndProject
Global
	GlobalSection(SolutionConfigurationPlatforms) = preSolution
		Debug|Any CPU = Debug|Any CPU
		Debug|x64 = Debug|x64
		Debug|x86 = Debug|x86
		Release|Any CPU = Release|Any CPU
		Release|x64 = Release|x64
		Release|x86 = Release|x86
	EndGlobalSection
	GlobalSection(SolutionProperties) = preSolution
		HideSolutionNode = FALSE
	EndGlobalSection
	GlobalSection(ProjectConfigurationPlatforms) = postSolution
		{16C93B33-0729-406E-8BBA-08129FD7F0DB}.Debug|Any CPU.ActiveCfg = Debug|Any CPU
		{16C93B33-0729-406E-8BBA-08129FD7F0DB}.Debug|Any CPU.Build.0 = Debug|Any CPU
		{16C93B33-0729-406E-8BBA-08129FD7F0DB}.Debug|x64.ActiveCfg = Debug|Any CPU
		{16C93B33-0729-406E-8BBA-08129FD7F0DB}.Debug|x64.Build.0 = Debug|Any CPU
		{16C93B33-0729-406E-8BBA-08129FD7F0DB}.Debug|x86.ActiveCfg = Debug|Any CPU
		{16C93B33-0729-406E-8BBA-08129FD7F0DB}.Debug|x86.Build.0 = Debug|Any CPU
		{16C93B33-0729-406E-8BBA-08129FD7F0DB}.Release|Any CPU.ActiveCfg = Release|Any CPU
		{16C93B33-0729-406E-8BBA-08129FD7F0DB}.Release|Any CPU.Build.0 = Release|Any CPU
		{16C93B33-0729-406E-8BBA-08129FD7F0DB}.Release|x64.ActiveCfg = Release|Any CPU
		{16C93B33-0729-406E-8BBA-08129FD7F0DB}.Release|x64.Build.0 = Release|Any CPU
		{16C93B33-0729-406E-8BBA-08129FD7F0DB}.Release|x86.ActiveCfg = Release|Any CPU
		{16C93B33-0729-406E-8BBA-08129FD7F0DB}.Release|x86.Build.0 = Release|Any CPU
		{A12D5CB5-CFE5-4CC6-8B91-482E724E5BBC}.Debug|Any CPU.ActiveCfg = Debug|Any CPU
		{A12D5CB5-CFE5-4CC6-8B91-482E724E5BBC}.Debug|Any CPU.Build.0 = Debug|Any CPU
		{A12D5CB5-CFE5-4CC6-8B91-482E724E5BBC}.Debug|x64.ActiveCfg = Debug|Any CPU
		{A12D5CB5-CFE5-4CC6-8B91-482E724E5BBC}.Debug|x64.Build.0 = Debug|Any CPU
		{A12D5CB5-CFE5-4CC6-8B91-482E724E5BBC}.Debug|x86.ActiveCfg = Debug|Any CPU
		{A12D5CB5-CFE5-4CC6-8B91-482E724E5BBC}.Debug|x86.Build.0 = Debug|Any CPU
		{A12D5CB5-CFE5-4CC6-8B91-482E724E5BBC}.Release|Any CPU.ActiveCfg = Release|Any CPU
		{A12D5CB5-CFE5-4CC6-8B91-482E724E5BBC}.Release|Any CPU.Build.0 = Release|Any CPU
		{A12D5CB5-CFE5-4CC6-8B91-482E724E5BBC}.Release|x64.ActiveCfg = Release|Any CPU
		{A12D5CB5-CFE5-4CC6-8B91-482E724E5BBC}.Release|x64.Build.0 = Release|Any CPU
		{A12D5CB5-CFE5-4CC6-8B91-482E724E5BBC}.Release|x86.ActiveCfg = Release|Any CPU
		{A12D5CB5-CFE5-4CC6-8B91-482E724E5BBC}.Release|x86.Build.0 = Release|Any CPU
	EndGlobalSection
	GlobalSection(NestedProjects) = preSolution
		{16C93B33-0729-406E-8BBA-08129FD7F0DB} = {621F2ADF-F6F9-4B4A-95FF-E594A7EA79DC}
		{A12D5CB5-CFE5-4CC6-8B91-482E724E5BBC} = {621F2ADF-F6F9-4B4A-95FF-E594A7EA79DC}
	EndGlobalSection
EndGlobal
